
Microsoft Visual Studio Solution File, Format Version 12.00
Project("{FAE04EC0-301F-11D3-BF4B-00C04F79EFBC}") = "PicPayChallenge.Api", "PicPayChallenge.Api\PicPayChallenge.Api.csproj", "{D671B9A5-1BD4-4ABC-89B8-E9CC9514A222}"
EndProject
Global
	GlobalSection(SolutionConfigurationPlatforms) = preSolution
		Debug|Any CPU = Debug|Any CPU
		Release|Any CPU = Release|Any CPU
	EndGlobalSection
	GlobalSection(ProjectConfigurationPlatforms) = postSolution
		{D671B9A5-1BD4-4ABC-89B8-E9CC9514A222}.Debug|Any CPU.ActiveCfg = Debug|Any CPU
		{D671B9A5-1BD4-4ABC-89B8-E9CC9514A222}.Debug|Any CPU.Build.0 = Debug|Any CPU
		{D671B9A5-1BD4-4ABC-89B8-E9CC9514A222}.Release|Any CPU.ActiveCfg = Release|Any CPU
		{D671B9A5-1BD4-4ABC-89B8-E9CC9514A222}.Release|Any CPU.Build.0 = Release|Any CPU
	EndGlobalSection
EndGlobal
